
Microsoft Visual Studio Solution File, Format Version 12.00
# Visual Studio Version 17
VisualStudioVersion = 17.8.34525.116
MinimumVisualStudioVersion = 10.0.40219.1
Project("{FAE04EC0-301F-11D3-BF4B-00C04F79EFBC}") = "BestStoreMVC", "BestStoreMVC\BestStoreMVC.csproj", "{E0C055C0-1853-4E48-BD45-021102E3D573}"
EndProject
Global
	GlobalSection(SolutionConfigurationPlatforms) = preSolution
		Debug|Any CPU = Debug|Any CPU
		Release|Any CPU = Release|Any CPU
	EndGlobalSection
	GlobalSection(ProjectConfigurationPlatforms) = postSolution
		{E0C055C0-1853-4E48-BD45-021102E3D573}.Debug|Any CPU.ActiveCfg = Debug|Any CPU
		{E0C055C0-1853-4E48-BD45-021102E3D573}.Debug|Any CPU.Build.0 = Debug|Any CPU
		{E0C055C0-1853-4E48-BD45-021102E3D573}.Release|Any CPU.ActiveCfg = Release|Any CPU
		{E0C055C0-1853-4E48-BD45-021102E3D573}.Release|Any CPU.Build.0 = Release|Any CPU
	EndGlobalSection
	GlobalSection(SolutionProperties) = preSolution
		HideSolutionNode = FALSE
	EndGlobalSection
	GlobalSection(ExtensibilityGlobals) = postSolution
		SolutionGuid = {EAD8E55F-5D00-4D54-BD6A-5AFD3CE2945D}
	EndGlobalSection
EndGlobal
